
Microsoft Visual Studio Solution File, Format Version 12.00
# Visual Studio Version 18
VisualStudioVersion = 18.2.11415.280 d18.0
MinimumVisualStudioVersion = 10.0.40219.1
Project("{FAE04EC0-301F-11D3-BF4B-00C04F79EFBC}") = "SmartTerminal", "SmartTerminal.csproj", "{3F641E77-985C-7723-943E-CE5017ABE629}"
EndProject
Global
	GlobalSection(SolutionConfigurationPlatforms) = preSolution
		Debug|Any CPU = Debug|Any CPU
		Release|Any CPU = Release|Any CPU
	EndGlobalSection
	GlobalSection(ProjectConfigurationPlatforms) = postSolution
		{3F641E77-985C-7723-943E-CE5017ABE629}.Debug|Any CPU.ActiveCfg = Debug|Any CPU
		{3F641E77-985C-7723-943E-CE5017ABE629}.Debug|Any CPU.Build.0 = Debug|Any CPU
		{3F641E77-985C-7723-943E-CE5017ABE629}.Debug|Any CPU.Deploy.0 = Debug|Any CPU
		{3F641E77-985C-7723-943E-CE5017ABE629}.Release|Any CPU.ActiveCfg = Release|Any CPU
		{3F641E77-985C-7723-943E-CE5017ABE629}.Release|Any CPU.Build.0 = Release|Any CPU
	EndGlobalSection
	GlobalSection(SolutionProperties) = preSolution
		HideSolutionNode = FALSE
	EndGlobalSection
	GlobalSection(ExtensibilityGlobals) = postSolution
		SolutionGuid = {4B3051F1-1BC0-48DF-AB36-EC15F6AFBE19}
	EndGlobalSection
EndGlobal
